// !$*UTF8*$!
{
	archiveVersion = 1;
	classes = {
	};
	objectVersion = 51;
	objects = {

/* Begin PBXBuildFile section */
		1F2E16467672F745BA8CB3F0 /* Pods_WEChat.framework in Frameworks */ = {isa = PBXBuildFile; fileRef = 769F36FCE64D1EC6FC0CC7F4 /* Pods_WEChat.framework */; };
		C45392A32492794B0078D375 /* AppDelegate.swift in Sources */ = {isa = PBXBuildFile; fileRef = C45392A22492794B0078D375 /* AppDelegate.swift */; };
		C45392A52492794B0078D375 /* SceneDelegate.swift in Sources */ = {isa = PBXBuildFile; fileRef = C45392A42492794B0078D375 /* SceneDelegate.swift */; };
		C45392A72492794B0078D375 /* ViewController.swift in Sources */ = {isa = PBXBuildFile; fileRef = C45392A62492794B0078D375 /* ViewController.swift */; };
		C45392AA2492794B0078D375 /* Main.storyboard in Resources */ = {isa = PBXBuildFile; fileRef = C45392A82492794B0078D375 /* Main.storyboard */; };
		C45392AC249279500078D375 /* Assets.xcassets in Resources */ = {isa = PBXBuildFile; fileRef = C45392AB249279500078D375 /* Assets.xcassets */; };
		C45392AF249279500078D375 /* LaunchScreen.storyboard in Resources */ = {isa = PBXBuildFile; fileRef = C45392AD249279500078D375 /* LaunchScreen.storyboard */; };
		C45392B724928C320078D375 /* FormCell.swift in Sources */ = {isa = PBXBuildFile; fileRef = C45392B624928C320078D375 /* FormCell.swift */; };
		C45392BD2492AB2B0078D375 /* GoogleService-Info.plist in Resources */ = {isa = PBXBuildFile; fileRef = C45392BC2492AB2B0078D375 /* GoogleService-Info.plist */; };
		C45392BF2492CDFF0078D375 /* RoomsViewController.swift in Sources */ = {isa = PBXBuildFile; fileRef = C45392BE2492CDFF0078D375 /* RoomsViewController.swift */; };
		C45392C2249305C10078D375 /* Room.swift in Sources */ = {isa = PBXBuildFile; fileRef = C45392C1249305C10078D375 /* Room.swift */; };
		C45392C42493AAC10078D375 /* ChatRoomViewController.swift in Sources */ = {isa = PBXBuildFile; fileRef = C45392C32493AAC10078D375 /* ChatRoomViewController.swift */; };
		C45392C6249442B60078D375 /* ChatCell.swift in Sources */ = {isa = PBXBuildFile; fileRef = C45392C5249442B60078D375 /* ChatCell.swift */; };
		C45392C8249448BC0078D375 /* Message.swift in Sources */ = {isa = PBXBuildFile; fileRef = C45392C7249448BC0078D375 /* Message.swift */; };
/* End PBXBuildFile section */

/* Begin PBXFileReference section */
		0884D32123DB302E02C5321A /* Pods-WEChat.release.xcconfig */ = {isa = PBXFileReference; includeInIndex = 1; lastKnownFileType = text.xcconfig; name = "Pods-WEChat.release.xcconfig"; path = "Target Support Files/Pods-WEChat/Pods-WEChat.release.xcconfig"; sourceTree = "<group>"; };
		2A595F087482A042769106F4 /* Pods-WEChat.debug.xcconfig */ = {isa = PBXFileReference; includeInIndex = 1; lastKnownFileType = text.xcconfig; name = "Pods-WEChat.debug.xcconfig"; path = "Target Support Files/Pods-WEChat/Pods-WEChat.debug.xcconfig"; sourceTree = "<group>"; };
		769F36FCE64D1EC6FC0CC7F4 /* Pods_WEChat.framework */ = {isa = PBXFileReference; explicitFileType = wrapper.framework; includeInIndex = 0; path = Pods_WEChat.framework; sourceTree = BUILT_PRODUCTS_DIR; };
		C453929F2492794B0078D375 /* WEChat.app */ = {isa = PBXFileReference; explicitFileType = wrapper.application; includeInIndex = 0; path = WEChat.app; sourceTree = BUILT_PRODUCTS_DIR; };
		C45392A22492794B0078D375 /* AppDelegate.swift */ = {isa = PBXFileReference; lastKnownFileType = sourcecode.swift; path = AppDelegate.swift; sourceTree = "<group>"; };
		C45392A42492794B0078D375 /* SceneDelegate.swift */ = {isa = PBXFileReference; lastKnownFileType = sourcecode.swift; path = SceneDelegate.swift; sourceTree = "<group>"; };
		C45392A62492794B0078D375 /* ViewController.swift */ = {isa = PBXFileReference; lastKnownFileType = sourcecode.swift; path = ViewController.swift; sourceTree = "<group>"; };
		C45392A92492794B0078D375 /* Base */ = {isa = PBXFileReference; lastKnownFileType = file.storyboard; name = Base; path = Base.lproj/Main.storyboard; sourceTree = "<group>"; };
		C45392AB249279500078D375 /* Assets.xcassets */ = {isa = PBXFileReference; lastKnownFileType = folder.assetcatalog; path = Assets.xcassets; sourceTree = "<group>"; };
		C45392AE249279500078D375 /* Base */ = {isa = PBXFileReference; lastKnownFileType = file.storyboard; name = Base; path = Base.lproj/LaunchScreen.storyboard; sourceTree = "<group>"; };
		C45392B0249279500078D375 /* Info.plist */ = {isa = PBXFileReference; lastKnownFileType = text.plist.xml; path = Info.plist; sourceTree = "<group>"; };
		C45392B624928C320078D375 /* FormCell.swift */ = {isa = PBXFileReference; lastKnownFileType = sourcecode.swift; path = FormCell.swift; sourceTree = "<group>"; };
		C45392BC2492AB2B0078D375 /* GoogleService-Info.plist */ = {isa = PBXFileReference; lastKnownFileType = text.plist; path = "GoogleService-Info.plist"; sourceTree = SOURCE_ROOT; };
		C45392BE2492CDFF0078D375 /* RoomsViewController.swift */ = {isa = PBXFileReference; lastKnownFileType = sourcecode.swift; path = RoomsViewController.swift; sourceTree = "<group>"; };
		C45392C1249305C10078D375 /* Room.swift */ = {isa = PBXFileReference; lastKnownFileType = sourcecode.swift; path = Room.swift; sourceTree = "<group>"; };
		C45392C32493AAC10078D375 /* ChatRoomViewController.swift */ = {isa = PBXFileReference; lastKnownFileType = sourcecode.swift; path = ChatRoomViewController.swift; sourceTree = "<group>"; };
		C45392C5249442B60078D375 /* ChatCell.swift */ = {isa = PBXFileReference; lastKnownFileType = sourcecode.swift; path = ChatCell.swift; sourceTree = "<group>"; };
		C45392C7249448BC0078D375 /* Message.swift */ = {isa = PBXFileReference; lastKnownFileType = sourcecode.swift; path = Message.swift; sourceTree = "<group>"; };
/* End PBXFileReference section */

/* Begin PBXFrameworksBuildPhase section */
		C453929C2492794B0078D375 /* Frameworks */ = {
			isa = PBXFrameworksBuildPhase;
			buildActionMask = 2147483647;
			files = (
				1F2E16467672F745BA8CB3F0 /* Pods_WEChat.framework in Frameworks */,
			);
			runOnlyForDeploymentPostprocessing = 0;
		};
/* End PBXFrameworksBuildPhase section */

/* Begin PBXGroup section */
		22F8AB6110CD8542D8E1A569 /* Pods */ = {
			isa = PBXGroup;
			children = (
				2A595F087482A042769106F4 /* Pods-WEChat.debug.xcconfig */,
				0884D32123DB302E02C5321A /* Pods-WEChat.release.xcconfig */,
			);
			path = Pods;
			sourceTree = "<group>";
		};
		6612B4AC03908453B1B625E6 /* Frameworks */ = {
			isa = PBXGroup;
			children = (
				769F36FCE64D1EC6FC0CC7F4 /* Pods_WEChat.framework */,
			);
			name = Frameworks;
			sourceTree = "<group>";
		};
		C45392962492794B0078D375 = {
			isa = PBXGroup;
			children = (
				C45392A12492794B0078D375 /* WEChat */,
				C45392A02492794B0078D375 /* Products */,
				22F8AB6110CD8542D8E1A569 /* Pods */,
				6612B4AC03908453B1B625E6 /* Frameworks */,
			);
			sourceTree = "<group>";
		};
		C45392A02492794B0078D375 /* Products */ = {
			isa = PBXGroup;
			children = (
				C453929F2492794B0078D375 /* WEChat.app */,
			);
			name = Products;
			sourceTree = "<group>";
		};
		C45392A12492794B0078D375 /* WEChat */ = {
			isa = PBXGroup;
			children = (
				C45392A22492794B0078D375 /* AppDelegate.swift */,
				C45392C02493059A0078D375 /* Models */,
				C45392A42492794B0078D375 /* SceneDelegate.swift */,
				C45392B624928C320078D375 /* FormCell.swift */,
				C45392A62492794B0078D375 /* ViewController.swift */,
				C45392A82492794B0078D375 /* Main.storyboard */,
				C45392AB249279500078D375 /* Assets.xcassets */,
				C45392AD249279500078D375 /* LaunchScreen.storyboard */,
				C45392BC2492AB2B0078D375 /* GoogleService-Info.plist */,
				C45392B0249279500078D375 /* Info.plist */,
				C45392C32493AAC10078D375 /* ChatRoomViewController.swift */,
				C45392C5249442B60078D375 /* ChatCell.swift */,
				C45392BE2492CDFF0078D375 /* RoomsViewController.swift */,
			);
			path = WEChat;
			sourceTree = "<group>";
		};
		C45392C02493059A0078D375 /* Models */ = {
			isa = PBXGroup;
			children = (
				C45392C1249305C10078D375 /* Room.swift */,
				C45392C7249448BC0078D375 /* Message.swift */,
			);
			path = Models;
			sourceTree = "<group>";
		};
/* End PBXGroup section */

/* Begin PBXNativeTarget section */
		C453929E2492794B0078D375 /* WEChat */ = {
			isa = PBXNativeTarget;
			buildConfigurationList = C45392B3249279500078D375 /* Build configuration list for PBXNativeTarget "WEChat" */;
			buildPhases = (
				8042CE25458381CEE376DC60 /* [CP] Check Pods Manifest.lock */,
				C453929B2492794B0078D375 /* Sources */,
				C453929C2492794B0078D375 /* Frameworks */,
				C453929D2492794B0078D375 /* Resources */,
				A352F54A71E7229D61A61232 /* [CP] Embed Pods Frameworks */,
			);
			buildRules = (
			);
			dependencies = (
			);
			name = WEChat;
			productName = WEChat;
			productReference = C453929F2492794B0078D375 /* WEChat.app */;
			productType = "com.apple.product-type.application";
		};
/* End PBXNativeTarget section */

/* Begin PBXProject section */
		C45392972492794B0078D375 /* Project object */ = {
			isa = PBXProject;
			attributes = {
				LastSwiftUpdateCheck = 1140;
				LastUpgradeCheck = 1140;
				ORGANIZATIONNAME = Patatas;
				TargetAttributes = {
					C453929E2492794B0078D375 = {
						CreatedOnToolsVersion = 11.4.1;
					};
				};
			};
			buildConfigurationList = C453929A2492794B0078D375 /* Build configuration list for PBXProject "WEChat" */;
			compatibilityVersion = "Xcode 9.3";
			developmentRegion = en;
			hasScannedForEncodings = 0;
			knownRegions = (
				en,
				Base,
			);
			mainGroup = C45392962492794B0078D375;
			productRefGroup = C45392A02492794B0078D375 /* Products */;
			projectDirPath = "";
			projectRoot = "";
			targets = (
				C453929E2492794B0078D375 /* WEChat */,
			);
		};
/* End PBXProject section */

/* Begin PBXResourcesBuildPhase section */
		C453929D2492794B0078D375 /* Resources */ = {
			isa = PBXResourcesBuildPhase;
			buildActionMask = 2147483647;
			files = (
				C45392AF249279500078D375 /* LaunchScreen.storyboard in Resources */,
				C45392BD2492AB2B0078D375 /* GoogleService-Info.plist in Resources */,
				C45392AC249279500078D375 /* Assets.xcassets in Resources */,
				C45392AA2492794B0078D375 /* Main.storyboard in Resources */,
			);
			runOnlyForDeploymentPostprocessing = 0;
		};
/* End PBXResourcesBuildPhase section */

/* Begin PBXShellScriptBuildPhase section */
		8042CE25458381CEE376DC60 /* [CP] Check Pods Manifest.lock */ = {
			isa = PBXShellScriptBuildPhase;
			buildActionMask = 2147483647;
			files = (
			);
			inputFileListPaths = (
			);
			inputPaths = (
				"${PODS_PODFILE_DIR_PATH}/Podfile.lock",
				"${PODS_ROOT}/Manifest.lock",
			);
			name = "[CP] Check Pods Manifest.lock";
			outputFileListPaths = (
			);
			outputPaths = (
				"$(DERIVED_FILE_DIR)/Pods-WEChat-checkManifestLockResult.txt",
			);
			runOnlyForDeploymentPostprocessing = 0;
			shellPath = /bin/sh;
			shellScript = "diff \"${PODS_PODFILE_DIR_PATH}/Podfile.lock\" \"${PODS_ROOT}/Manifest.lock\" > /dev/null\nif [ $? != 0 ] ; then\n    # print error to STDERR\n    echo \"error: The sandbox is not in sync with the Podfile.lock. Run 'pod install' or update your CocoaPods installation.\" >&2\n    exit 1\nfi\n# This output is used by Xcode 'outputs' to avoid re-running this script phase.\necho \"SUCCESS\" > \"${SCRIPT_OUTPUT_FILE_0}\"\n";
			showEnvVarsInLog = 0;
		};
		A352F54A71E7229D61A61232 /* [CP] Embed Pods Frameworks */ = {
			isa = PBXShellScriptBuildPhase;
			buildActionMask = 2147483647;
			files = (
			);
			inputFileListPaths = (
				"${PODS_ROOT}/Target Support Files/Pods-WEChat/Pods-WEChat-frameworks-${CONFIGURATION}-input-files.xcfilelist",
			);
			name = "[CP] Embed Pods Frameworks";
			outputFileListPaths = (
				"${PODS_ROOT}/Target Support Files/Pods-WEChat/Pods-WEChat-frameworks-${CONFIGURATION}-output-files.xcfilelist",
			);
			runOnlyForDeploymentPostprocessing = 0;
			shellPath = /bin/sh;
			shellScript = "\"${PODS_ROOT}/Target Support Files/Pods-WEChat/Pods-WEChat-frameworks.sh\"\n";
			showEnvVarsInLog = 0;
		};
/* End PBXShellScriptBuildPhase section */

/* Begin PBXSourcesBuildPhase section */
		C453929B2492794B0078D375 /* Sources */ = {
			isa = PBXSourcesBuildPhase;
			buildActionMask = 2147483647;
			files = (
				C45392C42493AAC10078D375 /* ChatRoomViewController.swift in Sources */,
				C45392C6249442B60078D375 /* ChatCell.swift in Sources */,
				C45392A72492794B0078D375 /* ViewController.swift in Sources */,
				C45392C8249448BC0078D375 /* Message.swift in Sources */,
				C45392B724928C320078D375 /* FormCell.swift in Sources */,
				C45392C2249305C10078D375 /* Room.swift in Sources */,
				C45392BF2492CDFF0078D375 /* RoomsViewController.swift in Sources */,
				C45392A32492794B0078D375 /* AppDelegate.swift in Sources */,
				C45392A52492794B0078D375 /* SceneDelegate.swift in Sources */,
			);
			runOnlyForDeploymentPostprocessing = 0;
		};
/* End PBXSourcesBuildPhase section */

/* Begin PBXVariantGroup section */
		C45392A82492794B0078D375 /* Main.storyboard */ = {
			isa = PBXVariantGroup;
			children = (
				C45392A92492794B0078D375 /* Base */,
			);
			name = Main.storyboard;
			sourceTree = "<group>";
		};
		C45392AD249279500078D375 /* LaunchScreen.storyboard */ = {
			isa = PBXVariantGroup;
			children = (
				C45392AE249279500078D375 /* Base */,
			);
			name = LaunchScreen.storyboard;
			sourceTree = "<group>";
		};
/* End PBXVariantGroup section */

/* Begin XCBuildConfiguration section */
		C45392B1249279500078D375 /* Debug */ = {
			isa = XCBuildConfiguration;
			buildSettings = {
				ALWAYS_SEARCH_USER_PATHS = NO;
				CLANG_ANALYZER_NONNULL = YES;
				CLANG_ANALYZER_NUMBER_OBJECT_CONVERSION = YES_AGGRESSIVE;
				CLANG_CXX_LANGUAGE_STANDARD = "gnu++14";
				CLANG_CXX_LIBRARY = "libc++";
				CLANG_ENABLE_MODULES = YES;
				CLANG_ENABLE_OBJC_ARC = YES;
				CLANG_ENABLE_OBJC_WEAK = YES;
				CLANG_WARN_BLOCK_CAPTURE_AUTORELEASING = YES;
				CLANG_WARN_BOOL_CONVERSION = YES;
				CLANG_WARN_COMMA = YES;
				CLANG_WARN_CONSTANT_CONVERSION = YES;
				CLANG_WARN_DEPRECATED_OBJC_IMPLEMENTATIONS = YES;
				CLANG_WARN_DIRECT_OBJC_ISA_USAGE = YES_ERROR;
				CLANG_WARN_DOCUMENTATION_COMMENTS = YES;
				CLANG_WARN_EMPTY_BODY = YES;
				CLANG_WARN_ENUM_CONVERSION = YES;
				CLANG_WARN_INFINITE_RECURSION = YES;
				CLANG_WARN_INT_CONVERSION = YES;
				CLANG_WARN_NON_LITERAL_NULL_CONVERSION = YES;
				CLANG_WARN_OBJC_IMPLICIT_RETAIN_SELF = YES;
				CLANG_WARN_OBJC_LITERAL_CONVERSION = YES;
				CLANG_WARN_OBJC_ROOT_CLASS = YES_ERROR;
				CLANG_WARN_RANGE_LOOP_ANALYSIS = YES;
				CLANG_WARN_STRICT_PROTOTYPES = YES;
				CLANG_WARN_SUSPICIOUS_MOVE = YES;
				CLANG_WARN_UNGUARDED_AVAILABILITY = YES_AGGRESSIVE;
				CLANG_WARN_UNREACHABLE_CODE = YES;
				CLANG_WARN__DUPLICATE_METHOD_MATCH = YES;
				COPY_PHASE_STRIP = NO;
				DEBUG_INFORMATION_FORMAT = dwarf;
				ENABLE_STRICT_OBJC_MSGSEND = YES;
				ENABLE_TESTABILITY = YES;
				GCC_C_LANGUAGE_STANDARD = gnu11;
				GCC_DYNAMIC_NO_PIC = NO;
				GCC_NO_COMMON_BLOCKS = YES;
				GCC_OPTIMIZATION_LEVEL = 0;
				GCC_PREPROCESSOR_DEFINITIONS = (
					"DEBUG=1",
					"$(inherited)",
				);
				GCC_WARN_64_TO_32_BIT_CONVERSION = YES;
				GCC_WARN_ABOUT_RETURN_TYPE = YES_ERROR;
				GCC_WARN_UNDECLARED_SELECTOR = YES;
				GCC_WARN_UNINITIALIZED_AUTOS = YES_AGGRESSIVE;
				GCC_WARN_UNUSED_FUNCTION = YES;
				GCC_WARN_UNUSED_VARIABLE = YES;
				IPHONEOS_DEPLOYMENT_TARGET = 13.4;
				MTL_ENABLE_DEBUG_INFO = INCLUDE_SOURCE;
				MTL_FAST_MATH = YES;
				ONLY_ACTIVE_ARCH = YES;
				SDKROOT = iphoneos;
				SWIFT_ACTIVE_COMPILATION_CONDITIONS = DEBUG;
				SWIFT_OPTIMIZATION_LEVEL = "-Onone";
			};
			name = Debug;
		};
		C45392B2249279500078D375 /* Release */ = {
			isa = XCBuildConfiguration;
			buildSettings = {
				ALWAYS_SEARCH_USER_PATHS = NO;
				CLANG_ANALYZER_NONNULL = YES;
				CLANG_ANALYZER_NUMBER_OBJECT_CONVERSION = YES_AGGRESSIVE;
				CLANG_CXX_LANGUAGE_STANDARD = "gnu++14";
				CLANG_CXX_LIBRARY = "libc++";
				CLANG_ENABLE_MODULES = YES;
				CLANG_ENABLE_OBJC_ARC = YES;
				CLANG_ENABLE_OBJC_WEAK = YES;
				CLANG_WARN_BLOCK_CAPTURE_AUTORELEASING = YES;
				CLANG_WARN_BOOL_CONVERSION = YES;
				CLANG_WARN_COMMA = YES;
				CLANG_WARN_CONSTANT_CONVERSION = YES;
				CLANG_WARN_DEPRECATED_OBJC_IMPLEMENTATIONS = YES;
				CLANG_WARN_DIRECT_OBJC_ISA_USAGE = YES_ERROR;
				CLANG_WARN_DOCUMENTATION_COMMENTS = YES;
				CLANG_WARN_EMPTY_BODY = YES;
				CLANG_WARN_ENUM_CONVERSION = YES;
				CLANG_WARN_INFINITE_RECURSION = YES;
				CLANG_WARN_INT_CONVERSION = YES;
				CLANG_WARN_NON_LITERAL_NULL_CONVERSION = YES;
				CLANG_WARN_OBJC_IMPLICIT_RETAIN_SELF = YES;
				CLANG_WARN_OBJC_LITERAL_CONVERSION = YES;
				CLANG_WARN_OBJC_ROOT_CLASS = YES_ERROR;
				CLANG_WARN_RANGE_LOOP_ANALYSIS = YES;
				CLANG_WARN_STRICT_PROTOTYPES = YES;
				CLANG_WARN_SUSPICIOUS_MOVE = YES;
				CLANG_WARN_UNGUARDED_AVAILABILITY = YES_AGGRESSIVE;
				CLANG_WARN_UNREACHABLE_CODE = YES;
				CLANG_WARN__DUPLICATE_METHOD_MATCH = YES;
				COPY_PHASE_STRIP = NO;
				DEBUG_INFORMATION_FORMAT = "dwarf-with-dsym";
				ENABLE_NS_ASSERTIONS = NO;
				ENABLE_STRICT_OBJC_MSGSEND = YES;
				GCC_C_LANGUAGE_STANDARD = gnu11;
				GCC_NO_COMMON_BLOCKS = YES;
				GCC_WARN_64_TO_32_BIT_CONVERSION = YES;
				GCC_WARN_ABOUT_RETURN_TYPE = YES_ERROR;
				GCC_WARN_UNDECLARED_SELECTOR = YES;
				GCC_WARN_UNINITIALIZED_AUTOS = YES_AGGRESSIVE;
				GCC_WARN_UNUSED_FUNCTION = YES;
				GCC_WARN_UNUSED_VARIABLE = YES;
				IPHONEOS_DEPLOYMENT_TARGET = 13.4;
				MTL_ENABLE_DEBUG_INFO = NO;
				MTL_FAST_MATH = YES;
				SDKROOT = iphoneos;
				SWIFT_COMPILATION_MODE = wholemodule;
				SWIFT_OPTIMIZATION_LEVEL = "-O";
				VALIDATE_PRODUCT = YES;
			};
			name = Release;
		};
		C45392B4249279500078D375 /* Debug */ = {
			isa = XCBuildConfiguration;
			baseConfigurationReference = 2A595F087482A042769106F4 /* Pods-WEChat.debug.xcconfig */;
			buildSettings = {
				ASSETCATALOG_COMPILER_APPICON_NAME = AppIcon;
				CODE_SIGN_STYLE = Automatic;
				DEVELOPMENT_TEAM = 6VNDXYUFZT;
				INFOPLIST_FILE = WEChat/Info.plist;
				LD_RUNPATH_SEARCH_PATHS = (
					"$(inherited)",
					"@executable_path/Frameworks",
				);
				PRODUCT_BUNDLE_IDENTIFIER = com.amrao.WEChat;
				PRODUCT_NAME = "$(TARGET_NAME)";
				SWIFT_VERSION = 5.0;
				TARGETED_DEVICE_FAMILY = "1,2";
			};
			name = Debug;
		};
		C45392B5249279500078D375 /* Release */ = {
			isa = XCBuildConfiguration;
			baseConfigurationReference = 0884D32123DB302E02C5321A /* Pods-WEChat.release.xcconfig */;
			buildSettings = {
				ASSETCATALOG_COMPILER_APPICON_NAME = AppIcon;
				CODE_SIGN_STYLE = Automatic;
				DEVELOPMENT_TEAM = 6VNDXYUFZT;
				INFOPLIST_FILE = WEChat/Info.plist;
				LD_RUNPATH_SEARCH_PATHS = (
					"$(inherited)",
					"@executable_path/Frameworks",
				);
				PRODUCT_BUNDLE_IDENTIFIER = com.amrao.WEChat;
				PRODUCT_NAME = "$(TARGET_NAME)";
				SWIFT_VERSION = 5.0;
				TARGETED_DEVICE_FAMILY = "1,2";
			};
			name = Release;
		};
/* End XCBuildConfiguration section */

/* Begin XCConfigurationList section */
		C453929A2492794B0078D375 /* Build configuration list for PBXProject "WEChat" */ = {
			isa = XCConfigurationList;
			buildConfigurations = (
				C45392B1249279500078D375 /* Debug */,
				C45392B2249279500078D375 /* Release */,
			);
			defaultConfigurationIsVisible = 0;
			defaultConfigurationName = Release;
		};
		C45392B3249279500078D375 /* Build configuration list for PBXNativeTarget "WEChat" */ = {
			isa = XCConfigurationList;
			buildConfigurations = (
				C45392B4249279500078D375 /* Debug */,
				C45392B5249279500078D375 /* Release */,
			);
			defaultConfigurationIsVisible = 0;
			defaultConfigurationName = Release;
		};
/* End XCConfigurationList section */
	};
	rootObject = C45392972492794B0078D375 /* Project object */;
}
